
Microsoft Visual Studio Solution File, Format Version 12.00
# Visual Studio Version 17
VisualStudioVersion = 17.1.32421.90
MinimumVisualStudioVersion = 10.0.40219.1
Project("{9A19103F-16F7-4668-BE54-9A1E7A4F7556}") = "PictureViewer", "PictureViewer\PictureViewer.csproj", "{F1D30961-0EAE-46CA-9EEE-AA84C8443DD0}"
EndProject
Project("{9A19103F-16F7-4668-BE54-9A1E7A4F7556}") = "MathQuiz", "MathQuiz\MathQuiz.csproj", "{09FEB286-0B1F-40F3-98CF-8516675E25AF}"
EndProject
Project("{9A19103F-16F7-4668-BE54-9A1E7A4F7556}") = "FMS3", "FMS3\FMS3.csproj", "{1B702197-3505-4DCF-9277-E55716881EEE}"
EndProject
Project("{9A19103F-16F7-4668-BE54-9A1E7A4F7556}") = "TestApplication", "TestApplication\TestApplication.csproj", "{95F1547C-7FA7-4854-A8F2-2533AD9E5E04}"
EndProject
Project("{9A19103F-16F7-4668-BE54-9A1E7A4F7556}") = "JoystickDisplay", "Joystick\JoystickDisplay.csproj", "{BEFCAF70-0230-4929-9317-432CA8428269}"
EndProject
Global
	GlobalSection(SolutionConfigurationPlatforms) = preSolution
		Debug|Any CPU = Debug|Any CPU
		Debug|Mixed Platforms = Debug|Mixed Platforms
		Debug|x64 = Debug|x64
		Debug|x86 = Debug|x86
		Debug-4.0|Any CPU = Debug-4.0|Any CPU
		Debug-4.0|Mixed Platforms = Debug-4.0|Mixed Platforms
		Debug-4.0|x64 = Debug-4.0|x64
		Debug-4.0|x86 = Debug-4.0|x86
		Public-4.0|Any CPU = Public-4.0|Any CPU
		Public-4.0|Mixed Platforms = Public-4.0|Mixed Platforms
		Public-4.0|x64 = Public-4.0|x64
		Public-4.0|x86 = Public-4.0|x86
		Release|Any CPU = Release|Any CPU
		Release|Mixed Platforms = Release|Mixed Platforms
		Release|x64 = Release|x64
		Release|x86 = Release|x86
		Release-4.0|Any CPU = Release-4.0|Any CPU
		Release-4.0|Mixed Platforms = Release-4.0|Mixed Platforms
		Release-4.0|x64 = Release-4.0|x64
		Release-4.0|x86 = Release-4.0|x86
	EndGlobalSection
	GlobalSection(ProjectConfigurationPlatforms) = postSolution
		{F1D30961-0EAE-46CA-9EEE-AA84C8443DD0}.Debug|Any CPU.ActiveCfg = Debug|Any CPU
		{F1D30961-0EAE-46CA-9EEE-AA84C8443DD0}.Debug|Any CPU.Build.0 = Debug|Any CPU
		{F1D30961-0EAE-46CA-9EEE-AA84C8443DD0}.Debug|Mixed Platforms.ActiveCfg = Debug|Any CPU
		{F1D30961-0EAE-46CA-9EEE-AA84C8443DD0}.Debug|Mixed Platforms.Build.0 = Debug|Any CPU
		{F1D30961-0EAE-46CA-9EEE-AA84C8443DD0}.Debug|x64.ActiveCfg = Debug|Any CPU
		{F1D30961-0EAE-46CA-9EEE-AA84C8443DD0}.Debug|x86.ActiveCfg = Debug|Any CPU
		{F1D30961-0EAE-46CA-9EEE-AA84C8443DD0}.Debug-4.0|Any CPU.ActiveCfg = Debug|Any CPU
		{F1D30961-0EAE-46CA-9EEE-AA84C8443DD0}.Debug-4.0|Any CPU.Build.0 = Debug|Any CPU
		{F1D30961-0EAE-46CA-9EEE-AA84C8443DD0}.Debug-4.0|Mixed Platforms.ActiveCfg = Debug|Any CPU
		{F1D30961-0EAE-46CA-9EEE-AA84C8443DD0}.Debug-4.0|Mixed Platforms.Build.0 = Debug|Any CPU
		{F1D30961-0EAE-46CA-9EEE-AA84C8443DD0}.Debug-4.0|x64.ActiveCfg = Debug|Any CPU
		{F1D30961-0EAE-46CA-9EEE-AA84C8443DD0}.Debug-4.0|x86.ActiveCfg = Debug|Any CPU
		{F1D30961-0EAE-46CA-9EEE-AA84C8443DD0}.Public-4.0|Any CPU.ActiveCfg = Release|Any CPU
		{F1D30961-0EAE-46CA-9EEE-AA84C8443DD0}.Public-4.0|Any CPU.Build.0 = Release|Any CPU
		{F1D30961-0EAE-46CA-9EEE-AA84C8443DD0}.Public-4.0|Mixed Platforms.ActiveCfg = Release|Any CPU
		{F1D30961-0EAE-46CA-9EEE-AA84C8443DD0}.Public-4.0|Mixed Platforms.Build.0 = Release|Any CPU
		{F1D30961-0EAE-46CA-9EEE-AA84C8443DD0}.Public-4.0|x64.ActiveCfg = Release|Any CPU
		{F1D30961-0EAE-46CA-9EEE-AA84C8443DD0}.Public-4.0|x86.ActiveCfg = Release|Any CPU
		{F1D30961-0EAE-46CA-9EEE-AA84C8443DD0}.Release|Any CPU.ActiveCfg = Release|Any CPU
		{F1D30961-0EAE-46CA-9EEE-AA84C8443DD0}.Release|Any CPU.Build.0 = Release|Any CPU
		{F1D30961-0EAE-46CA-9EEE-AA84C8443DD0}.Release|Mixed Platforms.ActiveCfg = Release|Any CPU
		{F1D30961-0EAE-46CA-9EEE-AA84C8443DD0}.Release|Mixed Platforms.Build.0 = Release|Any CPU
		{F1D30961-0EAE-46CA-9EEE-AA84C8443DD0}.Release|x64.ActiveCfg = Release|Any CPU
		{F1D30961-0EAE-46CA-9EEE-AA84C8443DD0}.Release|x86.ActiveCfg = Release|Any CPU
		{F1D30961-0EAE-46CA-9EEE-AA84C8443DD0}.Release-4.0|Any CPU.ActiveCfg = Release|Any CPU
		{F1D30961-0EAE-46CA-9EEE-AA84C8443DD0}.Release-4.0|Any CPU.Build.0 = Release|Any CPU
		{F1D30961-0EAE-46CA-9EEE-AA84C8443DD0}.Release-4.0|Mixed Platforms.ActiveCfg = Release|Any CPU
		{F1D30961-0EAE-46CA-9EEE-AA84C8443DD0}.Release-4.0|Mixed Platforms.Build.0 = Release|Any CPU
		{F1D30961-0EAE-46CA-9EEE-AA84C8443DD0}.Release-4.0|x64.ActiveCfg = Release|Any CPU
		{F1D30961-0EAE-46CA-9EEE-AA84C8443DD0}.Release-4.0|x86.ActiveCfg = Release|Any CPU
		{09FEB286-0B1F-40F3-98CF-8516675E25AF}.Debug|Any CPU.ActiveCfg = Debug|Any CPU
		{09FEB286-0B1F-40F3-98CF-8516675E25AF}.Debug|Any CPU.Build.0 = Debug|Any CPU
		{09FEB286-0B1F-40F3-98CF-8516675E25AF}.Debug|Mixed Platforms.ActiveCfg = Debug|Any CPU
		{09FEB286-0B1F-40F3-98CF-8516675E25AF}.Debug|Mixed Platforms.Build.0 = Debug|Any CPU
		{09FEB286-0B1F-40F3-98CF-8516675E25AF}.Debug|x64.ActiveCfg = Debug|Any CPU
		{09FEB286-0B1F-40F3-98CF-8516675E25AF}.Debug|x86.ActiveCfg = Debug|Any CPU
		{09FEB286-0B1F-40F3-98CF-8516675E25AF}.Debug-4.0|Any CPU.ActiveCfg = Debug|Any CPU
		{09FEB286-0B1F-40F3-98CF-8516675E25AF}.Debug-4.0|Any CPU.Build.0 = Debug|Any CPU
		{09FEB286-0B1F-40F3-98CF-8516675E25AF}.Debug-4.0|Mixed Platforms.ActiveCfg = Debug|Any CPU
		{09FEB286-0B1F-40F3-98CF-8516675E25AF}.Debug-4.0|Mixed Platforms.Build.0 = Debug|Any CPU
		{09FEB286-0B1F-40F3-98CF-8516675E25AF}.Debug-4.0|x64.ActiveCfg = Debug|Any CPU
		{09FEB286-0B1F-40F3-98CF-8516675E25AF}.Debug-4.0|x86.ActiveCfg = Debug|Any CPU
		{09FEB286-0B1F-40F3-98CF-8516675E25AF}.Public-4.0|Any CPU.ActiveCfg = Release|Any CPU
		{09FEB286-0B1F-40F3-98CF-8516675E25AF}.Public-4.0|Any CPU.Build.0 = Release|Any CPU
		{09FEB286-0B1F-40F3-98CF-8516675E25AF}.Public-4.0|Mixed Platforms.ActiveCfg = Release|Any CPU
		{09FEB286-0B1F-40F3-98CF-8516675E25AF}.Public-4.0|Mixed Platforms.Build.0 = Release|Any CPU
		{09FEB286-0B1F-40F3-98CF-8516675E25AF}.Public-4.0|x64.ActiveCfg = Release|Any CPU
		{09FEB286-0B1F-40F3-98CF-8516675E25AF}.Public-4.0|x86.ActiveCfg = Release|Any CPU
		{09FEB286-0B1F-40F3-98CF-8516675E25AF}.Release|Any CPU.ActiveCfg = Release|Any CPU
		{09FEB286-0B1F-40F3-98CF-8516675E25AF}.Release|Any CPU.Build.0 = Release|Any CPU
		{09FEB286-0B1F-40F3-98CF-8516675E25AF}.Release|Mixed Platforms.ActiveCfg = Release|Any CPU
		{09FEB286-0B1F-40F3-98CF-8516675E25AF}.Release|Mixed Platforms.Build.0 = Release|Any CPU
		{09FEB286-0B1F-40F3-98CF-8516675E25AF}.Release|x64.ActiveCfg = Release|Any CPU
		{09FEB286-0B1F-40F3-98CF-8516675E25AF}.Release|x86.ActiveCfg = Release|Any CPU
		{09FEB286-0B1F-40F3-98CF-8516675E25AF}.Release-4.0|Any CPU.ActiveCfg = Release|Any CPU
		{09FEB286-0B1F-40F3-98CF-8516675E25AF}.Release-4.0|Any CPU.Build.0 = Release|Any CPU
		{09FEB286-0B1F-40F3-98CF-8516675E25AF}.Release-4.0|Mixed Platforms.ActiveCfg = Release|Any CPU
		{09FEB286-0B1F-40F3-98CF-8516675E25AF}.Release-4.0|Mixed Platforms.Build.0 = Release|Any CPU
		{09FEB286-0B1F-40F3-98CF-8516675E25AF}.Release-4.0|x64.ActiveCfg = Release|Any CPU
		{09FEB286-0B1F-40F3-98CF-8516675E25AF}.Release-4.0|x86.ActiveCfg = Release|Any CPU
		{1B702197-3505-4DCF-9277-E55716881EEE}.Debug|Any CPU.ActiveCfg = Debug|Any CPU
		{1B702197-3505-4DCF-9277-E55716881EEE}.Debug|Any CPU.Build.0 = Debug|Any CPU
		{1B702197-3505-4DCF-9277-E55716881EEE}.Debug|Any CPU.Deploy.0 = Debug|Any CPU
		{1B702197-3505-4DCF-9277-E55716881EEE}.Debug|Mixed Platforms.ActiveCfg = Debug|Any CPU
		{1B702197-3505-4DCF-9277-E55716881EEE}.Debug|Mixed Platforms.Build.0 = Debug|Any CPU
		{1B702197-3505-4DCF-9277-E55716881EEE}.Debug|x64.ActiveCfg = Debug|Any CPU
		{1B702197-3505-4DCF-9277-E55716881EEE}.Debug|x64.Build.0 = Debug|Any CPU
		{1B702197-3505-4DCF-9277-E55716881EEE}.Debug|x86.ActiveCfg = Debug|Any CPU
		{1B702197-3505-4DCF-9277-E55716881EEE}.Debug|x86.Build.0 = Debug|Any CPU
		{1B702197-3505-4DCF-9277-E55716881EEE}.Debug-4.0|Any CPU.ActiveCfg = Debug|Any CPU
		{1B702197-3505-4DCF-9277-E55716881EEE}.Debug-4.0|Any CPU.Build.0 = Debug|Any CPU
		{1B702197-3505-4DCF-9277-E55716881EEE}.Debug-4.0|Mixed Platforms.ActiveCfg = Debug|Any CPU
		{1B702197-3505-4DCF-9277-E55716881EEE}.Debug-4.0|Mixed Platforms.Build.0 = Debug|Any CPU
		{1B702197-3505-4DCF-9277-E55716881EEE}.Debug-4.0|x64.ActiveCfg = Debug|Any CPU
		{1B702197-3505-4DCF-9277-E55716881EEE}.Debug-4.0|x86.ActiveCfg = Debug|Any CPU
		{1B702197-3505-4DCF-9277-E55716881EEE}.Public-4.0|Any CPU.ActiveCfg = Release|Any CPU
		{1B702197-3505-4DCF-9277-E55716881EEE}.Public-4.0|Any CPU.Build.0 = Release|Any CPU
		{1B702197-3505-4DCF-9277-E55716881EEE}.Public-4.0|Mixed Platforms.ActiveCfg = Release|Any CPU
		{1B702197-3505-4DCF-9277-E55716881EEE}.Public-4.0|Mixed Platforms.Build.0 = Release|Any CPU
		{1B702197-3505-4DCF-9277-E55716881EEE}.Public-4.0|x64.ActiveCfg = Release|Any CPU
		{1B702197-3505-4DCF-9277-E55716881EEE}.Public-4.0|x86.ActiveCfg = Release|Any CPU
		{1B702197-3505-4DCF-9277-E55716881EEE}.Release|Any CPU.ActiveCfg = Release|Any CPU
		{1B702197-3505-4DCF-9277-E55716881EEE}.Release|Any CPU.Build.0 = Release|Any CPU
		{1B702197-3505-4DCF-9277-E55716881EEE}.Release|Mixed Platforms.ActiveCfg = Release|Any CPU
		{1B702197-3505-4DCF-9277-E55716881EEE}.Release|Mixed Platforms.Build.0 = Release|Any CPU
		{1B702197-3505-4DCF-9277-E55716881EEE}.Release|x64.ActiveCfg = Release|Any CPU
		{1B702197-3505-4DCF-9277-E55716881EEE}.Release|x86.ActiveCfg = Release|x86
		{1B702197-3505-4DCF-9277-E55716881EEE}.Release|x86.Build.0 = Release|x86
		{1B702197-3505-4DCF-9277-E55716881EEE}.Release-4.0|Any CPU.ActiveCfg = Release|Any CPU
		{1B702197-3505-4DCF-9277-E55716881EEE}.Release-4.0|Any CPU.Build.0 = Release|Any CPU
		{1B702197-3505-4DCF-9277-E55716881EEE}.Release-4.0|Mixed Platforms.ActiveCfg = Release|Any CPU
		{1B702197-3505-4DCF-9277-E55716881EEE}.Release-4.0|Mixed Platforms.Build.0 = Release|Any CPU
		{1B702197-3505-4DCF-9277-E55716881EEE}.Release-4.0|x64.ActiveCfg = Release|Any CPU
		{1B702197-3505-4DCF-9277-E55716881EEE}.Release-4.0|x86.ActiveCfg = Release|Any CPU
		{95F1547C-7FA7-4854-A8F2-2533AD9E5E04}.Debug|Any CPU.ActiveCfg = Debug|Any CPU
		{95F1547C-7FA7-4854-A8F2-2533AD9E5E04}.Debug|Mixed Platforms.ActiveCfg = Debug|Any CPU
		{95F1547C-7FA7-4854-A8F2-2533AD9E5E04}.Debug|Mixed Platforms.Build.0 = Debug|Any CPU
		{95F1547C-7FA7-4854-A8F2-2533AD9E5E04}.Debug|x64.ActiveCfg = Debug|Any CPU
		{95F1547C-7FA7-4854-A8F2-2533AD9E5E04}.Debug|x86.ActiveCfg = Debug|Any CPU
		{95F1547C-7FA7-4854-A8F2-2533AD9E5E04}.Debug|x86.Build.0 = Debug|Any CPU
		{95F1547C-7FA7-4854-A8F2-2533AD9E5E04}.Debug-4.0|Any CPU.ActiveCfg = Debug|x86
		{95F1547C-7FA7-4854-A8F2-2533AD9E5E04}.Debug-4.0|Mixed Platforms.ActiveCfg = Debug|x86
		{95F1547C-7FA7-4854-A8F2-2533AD9E5E04}.Debug-4.0|Mixed Platforms.Build.0 = Debug|x86
		{95F1547C-7FA7-4854-A8F2-2533AD9E5E04}.Debug-4.0|x64.ActiveCfg = Debug|x86
		{95F1547C-7FA7-4854-A8F2-2533AD9E5E04}.Debug-4.0|x86.ActiveCfg = Debug|x86
		{95F1547C-7FA7-4854-A8F2-2533AD9E5E04}.Debug-4.0|x86.Build.0 = Debug|x86
		{95F1547C-7FA7-4854-A8F2-2533AD9E5E04}.Public-4.0|Any CPU.ActiveCfg = Release|x86
		{95F1547C-7FA7-4854-A8F2-2533AD9E5E04}.Public-4.0|Mixed Platforms.ActiveCfg = Release|x86
		{95F1547C-7FA7-4854-A8F2-2533AD9E5E04}.Public-4.0|Mixed Platforms.Build.0 = Release|x86
		{95F1547C-7FA7-4854-A8F2-2533AD9E5E04}.Public-4.0|x64.ActiveCfg = Release|x86
		{95F1547C-7FA7-4854-A8F2-2533AD9E5E04}.Public-4.0|x86.ActiveCfg = Release|x86
		{95F1547C-7FA7-4854-A8F2-2533AD9E5E04}.Public-4.0|x86.Build.0 = Release|x86
		{95F1547C-7FA7-4854-A8F2-2533AD9E5E04}.Release|Any CPU.ActiveCfg = Release|x86
		{95F1547C-7FA7-4854-A8F2-2533AD9E5E04}.Release|Mixed Platforms.ActiveCfg = Release|x86
		{95F1547C-7FA7-4854-A8F2-2533AD9E5E04}.Release|Mixed Platforms.Build.0 = Release|x86
		{95F1547C-7FA7-4854-A8F2-2533AD9E5E04}.Release|x64.ActiveCfg = Release|x86
		{95F1547C-7FA7-4854-A8F2-2533AD9E5E04}.Release|x86.ActiveCfg = Release|x86
		{95F1547C-7FA7-4854-A8F2-2533AD9E5E04}.Release|x86.Build.0 = Release|x86
		{95F1547C-7FA7-4854-A8F2-2533AD9E5E04}.Release-4.0|Any CPU.ActiveCfg = Release|x86
		{95F1547C-7FA7-4854-A8F2-2533AD9E5E04}.Release-4.0|Mixed Platforms.ActiveCfg = Release|x86
		{95F1547C-7FA7-4854-A8F2-2533AD9E5E04}.Release-4.0|Mixed Platforms.Build.0 = Release|x86
		{95F1547C-7FA7-4854-A8F2-2533AD9E5E04}.Release-4.0|x64.ActiveCfg = Release|x86
		{95F1547C-7FA7-4854-A8F2-2533AD9E5E04}.Release-4.0|x86.ActiveCfg = Release|x86
		{95F1547C-7FA7-4854-A8F2-2533AD9E5E04}.Release-4.0|x86.Build.0 = Release|x86
		{BEFCAF70-0230-4929-9317-432CA8428269}.Debug|Any CPU.ActiveCfg = Debug|Any CPU
		{BEFCAF70-0230-4929-9317-432CA8428269}.Debug|Any CPU.Build.0 = Debug|Any CPU
		{BEFCAF70-0230-4929-9317-432CA8428269}.Debug|Mixed Platforms.ActiveCfg = Debug|Any CPU
		{BEFCAF70-0230-4929-9317-432CA8428269}.Debug|Mixed Platforms.Build.0 = Debug|Any CPU
		{BEFCAF70-0230-4929-9317-432CA8428269}.Debug|x64.ActiveCfg = Debug|Any CPU
		{BEFCAF70-0230-4929-9317-432CA8428269}.Debug|x86.ActiveCfg = Debug|Any CPU
		{BEFCAF70-0230-4929-9317-432CA8428269}.Debug|x86.Build.0 = Debug|Any CPU
		{BEFCAF70-0230-4929-9317-432CA8428269}.Debug-4.0|Any CPU.ActiveCfg = Debug-4.0|Any CPU
		{BEFCAF70-0230-4929-9317-432CA8428269}.Debug-4.0|Any CPU.Build.0 = Debug-4.0|Any CPU
		{BEFCAF70-0230-4929-9317-432CA8428269}.Debug-4.0|Mixed Platforms.ActiveCfg = Debug-4.0|x86
		{BEFCAF70-0230-4929-9317-432CA8428269}.Debug-4.0|Mixed Platforms.Build.0 = Debug-4.0|x86
		{BEFCAF70-0230-4929-9317-432CA8428269}.Debug-4.0|x64.ActiveCfg = Debug-4.0|x64
		{BEFCAF70-0230-4929-9317-432CA8428269}.Debug-4.0|x64.Build.0 = Debug-4.0|x64
		{BEFCAF70-0230-4929-9317-432CA8428269}.Debug-4.0|x86.ActiveCfg = Debug-4.0|x86
		{BEFCAF70-0230-4929-9317-432CA8428269}.Debug-4.0|x86.Build.0 = Debug-4.0|x86
		{BEFCAF70-0230-4929-9317-432CA8428269}.Public-4.0|Any CPU.ActiveCfg = Public-4.0|Any CPU
		{BEFCAF70-0230-4929-9317-432CA8428269}.Public-4.0|Any CPU.Build.0 = Public-4.0|Any CPU
		{BEFCAF70-0230-4929-9317-432CA8428269}.Public-4.0|Mixed Platforms.ActiveCfg = Public-4.0|x86
		{BEFCAF70-0230-4929-9317-432CA8428269}.Public-4.0|Mixed Platforms.Build.0 = Public-4.0|x86
		{BEFCAF70-0230-4929-9317-432CA8428269}.Public-4.0|x64.ActiveCfg = Public-4.0|x64
		{BEFCAF70-0230-4929-9317-432CA8428269}.Public-4.0|x64.Build.0 = Public-4.0|x64
		{BEFCAF70-0230-4929-9317-432CA8428269}.Public-4.0|x86.ActiveCfg = Public-4.0|x86
		{BEFCAF70-0230-4929-9317-432CA8428269}.Public-4.0|x86.Build.0 = Public-4.0|x86
		{BEFCAF70-0230-4929-9317-432CA8428269}.Release|Any CPU.ActiveCfg = Release|Any CPU
		{BEFCAF70-0230-4929-9317-432CA8428269}.Release|Any CPU.Build.0 = Release|Any CPU
		{BEFCAF70-0230-4929-9317-432CA8428269}.Release|Mixed Platforms.ActiveCfg = Release|Any CPU
		{BEFCAF70-0230-4929-9317-432CA8428269}.Release|Mixed Platforms.Build.0 = Release|Any CPU
		{BEFCAF70-0230-4929-9317-432CA8428269}.Release|x64.ActiveCfg = Release|x64
		{BEFCAF70-0230-4929-9317-432CA8428269}.Release|x64.Build.0 = Release|x64
		{BEFCAF70-0230-4929-9317-432CA8428269}.Release|x86.ActiveCfg = Release|x86
		{BEFCAF70-0230-4929-9317-432CA8428269}.Release|x86.Build.0 = Release|x86
		{BEFCAF70-0230-4929-9317-432CA8428269}.Release-4.0|Any CPU.ActiveCfg = Release-4.0|Any CPU
		{BEFCAF70-0230-4929-9317-432CA8428269}.Release-4.0|Any CPU.Build.0 = Release-4.0|Any CPU
		{BEFCAF70-0230-4929-9317-432CA8428269}.Release-4.0|Mixed Platforms.ActiveCfg = Release-4.0|x86
		{BEFCAF70-0230-4929-9317-432CA8428269}.Release-4.0|Mixed Platforms.Build.0 = Release-4.0|x86
		{BEFCAF70-0230-4929-9317-432CA8428269}.Release-4.0|x64.ActiveCfg = Release-4.0|x64
		{BEFCAF70-0230-4929-9317-432CA8428269}.Release-4.0|x64.Build.0 = Release-4.0|x64
		{BEFCAF70-0230-4929-9317-432CA8428269}.Release-4.0|x86.ActiveCfg = Release-4.0|x86
		{BEFCAF70-0230-4929-9317-432CA8428269}.Release-4.0|x86.Build.0 = Release-4.0|x86
	EndGlobalSection
	GlobalSection(SolutionProperties) = preSolution
		HideSolutionNode = FALSE
	EndGlobalSection
	GlobalSection(ExtensibilityGlobals) = postSolution
		SolutionGuid = {D7C3B963-4FDD-447A-92ED-A8D03ABAC995}
	EndGlobalSection
EndGlobal
